# THIS IS AN AUTOGENERATED FILE. DO NOT EDIT THIS FILE DIRECTLY.
# yarn lockfile v1


"@drivly/kafka.do@^0.0.10":
  version "0.0.10"
  resolved "https://registry.yarnpkg.com/@drivly/kafka.do/-/kafka.do-0.0.10.tgz#fbed05b3582f6d31ad6692a2986d2f59f935a429"
  integrity sha512-QYMkxDCEf8KvhMS8IJ0wd2bBPfK3cQ1kNSFP7RLOPjZbuwouLQEExzF/BC7nEnPHikhmEUD6jW2yAWU6Ntbw2Q==
  dependencies:
    itty-router "^4.0.22"

itty-router@^4.0.22:
  version "4.0.22"
  resolved "https://registry.yarnpkg.com/itty-router/-/itty-router-4.0.22.tgz#2a5ba61f6b1df261d8321e8d218edcb0b59a0001"
  integrity sha512-FWK13vcITqld32NaOh+k2unRrR4qBZdzA9O1ctpqT1Q4lxKrHbtgaX1lLTv2VyXj3/8Waqk/NlDGNfxypJ8GKA==
